// !$*UTF8*$!
{
	archiveVersion = 1;
	classes = {
	};
	objectVersion = 46;
	objects = {

/* Begin PBXBuildFile section */
		08648B601CA380F700EE5716 /* Product.swift in Sources */ = {isa = PBXBuildFile; fileRef = 08648B5F1CA380F700EE5716 /* Product.swift */; };
		088EE0DF1CA355410058F14A /* ProductTableViewController.swift in Sources */ = {isa = PBXBuildFile; fileRef = 088EE0DE1CA355400058F14A /* ProductTableViewController.swift */; };
		089542A51C8D17AD000613C8 /* AppDelegate.swift in Sources */ = {isa = PBXBuildFile; fileRef = 089542A41C8D17AD000613C8 /* AppDelegate.swift */; };
		089542AA1C8D17AD000613C8 /* Main.storyboard in Resources */ = {isa = PBXBuildFile; fileRef = 089542A81C8D17AD000613C8 /* Main.storyboard */; };
		089542AC1C8D17AD000613C8 /* Assets.xcassets in Resources */ = {isa = PBXBuildFile; fileRef = 089542AB1C8D17AD000613C8 /* Assets.xcassets */; };
		089542AF1C8D17AD000613C8 /* LaunchScreen.storyboard in Resources */ = {isa = PBXBuildFile; fileRef = 089542AD1C8D17AD000613C8 /* LaunchScreen.storyboard */; };
		089542B71C94792A000613C8 /* ProductViewController.swift in Sources */ = {isa = PBXBuildFile; fileRef = 089542B61C94792A000613C8 /* ProductViewController.swift */; };
		089542B91C947F23000613C8 /* ContactViewController.swift in Sources */ = {isa = PBXBuildFile; fileRef = 089542B81C947F23000613C8 /* ContactViewController.swift */; };
/* End PBXBuildFile section */

/* Begin PBXFileReference section */
		08648B5F1CA380F700EE5716 /* Product.swift */ = {isa = PBXFileReference; fileEncoding = 4; lastKnownFileType = sourcecode.swift; path = Product.swift; sourceTree = "<group>"; };
		088EE0DE1CA355400058F14A /* ProductTableViewController.swift */ = {isa = PBXFileReference; fileEncoding = 4; lastKnownFileType = sourcecode.swift; path = ProductTableViewController.swift; sourceTree = "<group>"; };
		089542A11C8D17AD000613C8 /* GoodAsOldPhones.app */ = {isa = PBXFileReference; explicitFileType = wrapper.application; includeInIndex = 0; path = GoodAsOldPhones.app; sourceTree = BUILT_PRODUCTS_DIR; };
		089542A41C8D17AD000613C8 /* AppDelegate.swift */ = {isa = PBXFileReference; lastKnownFileType = sourcecode.swift; path = AppDelegate.swift; sourceTree = "<group>"; };
		089542A91C8D17AD000613C8 /* Base */ = {isa = PBXFileReference; lastKnownFileType = file.storyboard; name = Base; path = Base.lproj/Main.storyboard; sourceTree = "<group>"; };
		089542AB1C8D17AD000613C8 /* Assets.xcassets */ = {isa = PBXFileReference; lastKnownFileType = folder.assetcatalog; path = Assets.xcassets; sourceTree = "<group>"; };
		089542AE1C8D17AD000613C8 /* Base */ = {isa = PBXFileReference; lastKnownFileType = file.storyboard; name = Base; path = Base.lproj/LaunchScreen.storyboard; sourceTree = "<group>"; };
		089542B01C8D17AD000613C8 /* Info.plist */ = {isa = PBXFileReference; lastKnownFileType = text.plist.xml; path = Info.plist; sourceTree = "<group>"; };
		089542B61C94792A000613C8 /* ProductViewController.swift */ = {isa = PBXFileReference; fileEncoding = 4; lastKnownFileType = sourcecode.swift; path = ProductViewController.swift; sourceTree = "<group>"; };
		089542B81C947F23000613C8 /* ContactViewController.swift */ = {isa = PBXFileReference; fileEncoding = 4; lastKnownFileType = sourcecode.swift; path = ContactViewController.swift; sourceTree = "<group>"; };
/* End PBXFileReference section */

/* Begin PBXFrameworksBuildPhase section */
		0895429E1C8D17AD000613C8 /* Frameworks */ = {
			isa = PBXFrameworksBuildPhase;
			buildActionMask = 2147483647;
			files = (
			);
			runOnlyForDeploymentPostprocessing = 0;
		};
/* End PBXFrameworksBuildPhase section */

/* Begin PBXGroup section */
		089542981C8D17AC000613C8 = {
			isa = PBXGroup;
			children = (
				089542A31C8D17AD000613C8 /* GoodAsOldPhones */,
				089542A21C8D17AD000613C8 /* Products */,
			);
			sourceTree = "<group>";
		};
		089542A21C8D17AD000613C8 /* Products */ = {
			isa = PBXGroup;
			children = (
				089542A11C8D17AD000613C8 /* GoodAsOldPhones.app */,
			);
			name = Products;
			sourceTree = "<group>";
		};
		089542A31C8D17AD000613C8 /* GoodAsOldPhones */ = {
			isa = PBXGroup;
			children = (
				089542A41C8D17AD000613C8 /* AppDelegate.swift */,
				089542A81C8D17AD000613C8 /* Main.storyboard */,
				089542AB1C8D17AD000613C8 /* Assets.xcassets */,
				089542AD1C8D17AD000613C8 /* LaunchScreen.storyboard */,
				089542B01C8D17AD000613C8 /* Info.plist */,
				089542B61C94792A000613C8 /* ProductViewController.swift */,
				089542B81C947F23000613C8 /* ContactViewController.swift */,
				088EE0DE1CA355400058F14A /* ProductTableViewController.swift */,
				08648B5F1CA380F700EE5716 /* Product.swift */,
			);
			path = GoodAsOldPhones;
			sourceTree = "<group>";
		};
/* End PBXGroup section */

/* Begin PBXNativeTarget section */
		089542A01C8D17AD000613C8 /* GoodAsOldPhones */ = {
			isa = PBXNativeTarget;
			buildConfigurationList = 089542B31C8D17AD000613C8 /* Build configuration list for PBXNativeTarget "GoodAsOldPhones" */;
			buildPhases = (
				0895429D1C8D17AD000613C8 /* Sources */,
				0895429E1C8D17AD000613C8 /* Frameworks */,
				0895429F1C8D17AD000613C8 /* Resources */,
			);
			buildRules = (
			);
			dependencies = (
			);
			name = GoodAsOldPhones;
			productName = GoodAsOldPhones;
			productReference = 089542A11C8D17AD000613C8 /* GoodAsOldPhones.app */;
			productType = "com.apple.product-type.application";
		};
/* End PBXNativeTarget section */

/* Begin PBXProject section */
		089542991C8D17AC000613C8 /* Project object */ = {
			isa = PBXProject;
			attributes = {
				LastSwiftUpdateCheck = 0710;
				LastUpgradeCheck = 0710;
				ORGANIZATIONNAME = "Sorta Legit";
				TargetAttributes = {
					089542A01C8D17AD000613C8 = {
						CreatedOnToolsVersion = 7.1;
					};
				};
			};
			buildConfigurationList = 0895429C1C8D17AC000613C8 /* Build configuration list for PBXProject "GoodAsOldPhones" */;
			compatibilityVersion = "Xcode 3.2";
			developmentRegion = English;
			hasScannedForEncodings = 0;
			knownRegions = (
				en,
				Base,
			);
			mainGroup = 089542981C8D17AC000613C8;
			productRefGroup = 089542A21C8D17AD000613C8 /* Products */;
			projectDirPath = "";
			projectRoot = "";
			targets = (
				089542A01C8D17AD000613C8 /* GoodAsOldPhones */,
			);
		};
/* End PBXProject section */

/* Begin PBXResourcesBuildPhase section */
		0895429F1C8D17AD000613C8 /* Resources */ = {
			isa = PBXResourcesBuildPhase;
			buildActionMask = 2147483647;
			files = (
				089542AF1C8D17AD000613C8 /* LaunchScreen.storyboard in Resources */,
				089542AC1C8D17AD000613C8 /* Assets.xcassets in Resources */,
				089542AA1C8D17AD000613C8 /* Main.storyboard in Resources */,
			);
			runOnlyForDeploymentPostprocessing = 0;
		};
/* End PBXResourcesBuildPhase section */

/* Begin PBXSourcesBuildPhase section */
		0895429D1C8D17AD000613C8 /* Sources */ = {
			isa = PBXSourcesBuildPhase;
			buildActionMask = 2147483647;
			files = (
				089542B71C94792A000613C8 /* ProductViewController.swift in Sources */,
				089542A51C8D17AD000613C8 /* AppDelegate.swift in Sources */,
				08648B601CA380F700EE5716 /* Product.swift in Sources */,
				088EE0DF1CA355410058F14A /* ProductTableViewController.swift in Sources */,
				089542B91C947F23000613C8 /* ContactViewController.swift in Sources */,
			);
			runOnlyForDeploymentPostprocessing = 0;
		};
/* End PBXSourcesBuildPhase section */

/* Begin PBXVariantGroup section */
		089542A81C8D17AD000613C8 /* Main.storyboard */ = {
			isa = PBXVariantGroup;
			children = (
				089542A91C8D17AD000613C8 /* Base */,
			);
			name = Main.storyboard;
			sourceTree = "<group>";
		};
		089542AD1C8D17AD000613C8 /* LaunchScreen.storyboard */ = {
			isa = PBXVariantGroup;
			children = (
				089542AE1C8D17AD000613C8 /* Base */,
			);
			name = LaunchScreen.storyboard;
			sourceTree = "<group>";
		};
/* End PBXVariantGroup section */

/* Begin XCBuildConfiguration section */
		089542B11C8D17AD000613C8 /* Debug */ = {
			isa = XCBuildConfiguration;
			buildSettings = {
				ALWAYS_SEARCH_USER_PATHS = NO;
				CLANG_CXX_LANGUAGE_STANDARD = "gnu++0x";
				CLANG_CXX_LIBRARY = "libc++";
				CLANG_ENABLE_MODULES = YES;
				CLANG_ENABLE_OBJC_ARC = YES;
				CLANG_WARN_BOOL_CONVERSION = YES;
				CLANG_WARN_CONSTANT_CONVERSION = YES;
				CLANG_WARN_DIRECT_OBJC_ISA_USAGE = YES_ERROR;
				CLANG_WARN_EMPTY_BODY = YES;
				CLANG_WARN_ENUM_CONVERSION = YES;
				CLANG_WARN_INT_CONVERSION = YES;
				CLANG_WARN_OBJC_ROOT_CLASS = YES_ERROR;
				CLANG_WARN_UNREACHABLE_CODE = YES;
				CLANG_WARN__DUPLICATE_METHOD_MATCH = YES;
				"CODE_SIGN_IDENTITY[sdk=iphoneos*]" = "iPhone Developer";
				COPY_PHASE_STRIP = NO;
				DEBUG_INFORMATION_FORMAT = dwarf;
				ENABLE_STRICT_OBJC_MSGSEND = YES;
				ENABLE_TESTABILITY = YES;
				GCC_C_LANGUAGE_STANDARD = gnu99;
				GCC_DYNAMIC_NO_PIC = NO;
				GCC_NO_COMMON_BLOCKS = YES;
				GCC_OPTIMIZATION_LEVEL = 0;
				GCC_PREPROCESSOR_DEFINITIONS = (
					"DEBUG=1",
					"$(inherited)",
				);
				GCC_WARN_64_TO_32_BIT_CONVERSION = YES;
				GCC_WARN_ABOUT_RETURN_TYPE = YES_ERROR;
				GCC_WARN_UNDECLARED_SELECTOR = YES;
				GCC_WARN_UNINITIALIZED_AUTOS = YES_AGGRESSIVE;
				GCC_WARN_UNUSED_FUNCTION = YES;
				GCC_WARN_UNUSED_VARIABLE = YES;
				IPHONEOS_DEPLOYMENT_TARGET = 9.1;
				MTL_ENABLE_DEBUG_INFO = YES;
				ONLY_ACTIVE_ARCH = YES;
				SDKROOT = iphoneos;
				SWIFT_OPTIMIZATION_LEVEL = "-Onone";
			};
			name = Debug;
		};
		089542B21C8D17AD000613C8 /* Release */ = {
			isa = XCBuildConfiguration;
			buildSettings = {
				ALWAYS_SEARCH_USER_PATHS = NO;
				CLANG_CXX_LANGUAGE_STANDARD = "gnu++0x";
				CLANG_CXX_LIBRARY = "libc++";
				CLANG_ENABLE_MODULES = YES;
				CLANG_ENABLE_OBJC_ARC = YES;
				CLANG_WARN_BOOL_CONVERSION = YES;
				CLANG_WARN_CONSTANT_CONVERSION = YES;
				CLANG_WARN_DIRECT_OBJC_ISA_USAGE = YES_ERROR;
				CLANG_WARN_EMPTY_BODY = YES;
				CLANG_WARN_ENUM_CONVERSION = YES;
				CLANG_WARN_INT_CONVERSION = YES;
				CLANG_WARN_OBJC_ROOT_CLASS = YES_ERROR;
				CLANG_WARN_UNREACHABLE_CODE = YES;
				CLANG_WARN__DUPLICATE_METHOD_MATCH = YES;
				"CODE_SIGN_IDENTITY[sdk=iphoneos*]" = "iPhone Developer";
				COPY_PHASE_STRIP = NO;
				DEBUG_INFORMATION_FORMAT = "dwarf-with-dsym";
				ENABLE_NS_ASSERTIONS = NO;
				ENABLE_STRICT_OBJC_MSGSEND = YES;
				GCC_C_LANGUAGE_STANDARD = gnu99;
				GCC_NO_COMMON_BLOCKS = YES;
				GCC_WARN_64_TO_32_BIT_CONVERSION = YES;
				GCC_WARN_ABOUT_RETURN_TYPE = YES_ERROR;
				GCC_WARN_UNDECLARED_SELECTOR = YES;
				GCC_WARN_UNINITIALIZED_AUTOS = YES_AGGRESSIVE;
				GCC_WARN_UNUSED_FUNCTION = YES;
				GCC_WARN_UNUSED_VARIABLE = YES;
				IPHONEOS_DEPLOYMENT_TARGET = 9.1;
				MTL_ENABLE_DEBUG_INFO = NO;
				SDKROOT = iphoneos;
				VALIDATE_PRODUCT = YES;
			};
			name = Release;
		};
		089542B41C8D17AD000613C8 /* Debug */ = {
			isa = XCBuildConfiguration;
			buildSettings = {
				ASSETCATALOG_COMPILER_APPICON_NAME = AppIcon;
				INFOPLIST_FILE = GoodAsOldPhones/Info.plist;
				LD_RUNPATH_SEARCH_PATHS = "$(inherited) @executable_path/Frameworks";
				PRODUCT_BUNDLE_IDENTIFIER = com.sortalegit.GoodAsOldPhones;
				PRODUCT_NAME = "$(TARGET_NAME)";
			};
			name = Debug;
		};
		089542B51C8D17AD000613C8 /* Release */ = {
			isa = XCBuildConfiguration;
			buildSettings = {
				ASSETCATALOG_COMPILER_APPICON_NAME = AppIcon;
				INFOPLIST_FILE = GoodAsOldPhones/Info.plist;
				LD_RUNPATH_SEARCH_PATHS = "$(inherited) @executable_path/Frameworks";
				PRODUCT_BUNDLE_IDENTIFIER = com.sortalegit.GoodAsOldPhones;
				PRODUCT_NAME = "$(TARGET_NAME)";
			};
			name = Release;
		};
/* End XCBuildConfiguration section */

/* Begin XCConfigurationList section */
		0895429C1C8D17AC000613C8 /* Build configuration list for PBXProject "GoodAsOldPhones" */ = {
			isa = XCConfigurationList;
			buildConfigurations = (
				089542B11C8D17AD000613C8 /* Debug */,
				089542B21C8D17AD000613C8 /* Release */,
			);
			defaultConfigurationIsVisible = 0;
			defaultConfigurationName = Release;
		};
		089542B31C8D17AD000613C8 /* Build configuration list for PBXNativeTarget "GoodAsOldPhones" */ = {
			isa = XCConfigurationList;
			buildConfigurations = (
				089542B41C8D17AD000613C8 /* Debug */,
				089542B51C8D17AD000613C8 /* Release */,
			);
			defaultConfigurationIsVisible = 0;
			defaultConfigurationName = Release;
		};
/* End XCConfigurationList section */
	};
	rootObject = 089542991C8D17AC000613C8 /* Project object */;
}
